
Microsoft Visual Studio Solution File, Format Version 12.00
# Visual Studio Version 17
VisualStudioVersion = 17.9.34407.89
MinimumVisualStudioVersion = 10.0.40219.1
Project("{FAE04EC0-301F-11D3-BF4B-00C04F79EFBC}") = "SimpleNotes", "SimpleNotes\SimpleNotes.csproj", "{656757F0-0CBB-44C0-A79D-DB5EF0906937}"
EndProject
Project("{FAE04EC0-301F-11D3-BF4B-00C04F79EFBC}") = "SimpleNotes.Tests", "SimpleNotes.Tests\SimpleNotes.Tests.csproj", "{00B6EC63-C3F1-445C-B1FB-614FD9FB0948}"
EndProject
Global
	GlobalSection(SolutionConfigurationPlatforms) = preSolution
		Debug|Any CPU = Debug|Any CPU
		Release|Any CPU = Release|Any CPU
	EndGlobalSection
	GlobalSection(ProjectConfigurationPlatforms) = postSolution
		{656757F0-0CBB-44C0-A79D-DB5EF0906937}.Debug|Any CPU.ActiveCfg = Debug|Any CPU
		{656757F0-0CBB-44C0-A79D-DB5EF0906937}.Debug|Any CPU.Build.0 = Debug|Any CPU
		{656757F0-0CBB-44C0-A79D-DB5EF0906937}.Release|Any CPU.ActiveCfg = Release|Any CPU
		{656757F0-0CBB-44C0-A79D-DB5EF0906937}.Release|Any CPU.Build.0 = Release|Any CPU
		{00B6EC63-C3F1-445C-B1FB-614FD9FB0948}.Debug|Any CPU.ActiveCfg = Debug|Any CPU
		{00B6EC63-C3F1-445C-B1FB-614FD9FB0948}.Debug|Any CPU.Build.0 = Debug|Any CPU
		{00B6EC63-C3F1-445C-B1FB-614FD9FB0948}.Release|Any CPU.ActiveCfg = Release|Any CPU
		{00B6EC63-C3F1-445C-B1FB-614FD9FB0948}.Release|Any CPU.Build.0 = Release|Any CPU
	EndGlobalSection
	GlobalSection(SolutionProperties) = preSolution
		HideSolutionNode = FALSE
	EndGlobalSection
	GlobalSection(ExtensibilityGlobals) = postSolution
		SolutionGuid = {099491E1-CD81-4C66-AF3D-F41581026887}
	EndGlobalSection
EndGlobal
